
Microsoft Visual Studio Solution File, Format Version 12.00
# Visual Studio Version 16
VisualStudioVersion = 16.0.31313.79
MinimumVisualStudioVersion = 10.0.40219.1
Project("{FAE04EC0-301F-11D3-BF4B-00C04F79EFBC}") = "Teleperformance_Frontend_Test_NetCore", "Teleperformance_Frontend_Test_NetCore\Teleperformance_Frontend_Test_NetCore.csproj", "{4226818A-CB4B-4824-BE4A-66B372BCD01E}"
EndProject
Global
	GlobalSection(SolutionConfigurationPlatforms) = preSolution
		Debug|Any CPU = Debug|Any CPU
		Release|Any CPU = Release|Any CPU
	EndGlobalSection
	GlobalSection(ProjectConfigurationPlatforms) = postSolution
		{4226818A-CB4B-4824-BE4A-66B372BCD01E}.Debug|Any CPU.ActiveCfg = Debug|Any CPU
		{4226818A-CB4B-4824-BE4A-66B372BCD01E}.Debug|Any CPU.Build.0 = Debug|Any CPU
		{4226818A-CB4B-4824-BE4A-66B372BCD01E}.Release|Any CPU.ActiveCfg = Release|Any CPU
		{4226818A-CB4B-4824-BE4A-66B372BCD01E}.Release|Any CPU.Build.0 = Release|Any CPU
	EndGlobalSection
	GlobalSection(SolutionProperties) = preSolution
		HideSolutionNode = FALSE
	EndGlobalSection
	GlobalSection(ExtensibilityGlobals) = postSolution
		SolutionGuid = {5B9D0DA0-E638-4AFF-81E4-19467B96764B}
	EndGlobalSection
EndGlobal
